// !$*UTF8*$!
{
	archiveVersion = 1;
	classes = {
	};
	objectVersion = 46;
	objects = {

/* Begin PBXBuildFile section */
		0E385AC08FCE66374E254665 /* Pods_BOTesercenti.framework in Frameworks */ = {isa = PBXBuildFile; fileRef = 386F6769CE7F355F5DAE6482 /* Pods_BOTesercenti.framework */; };
		10372ED2208D6DBA000B9300 /* MessageParser.m in Sources */ = {isa = PBXBuildFile; fileRef = 10372ECA208D6DB9000B9300 /* MessageParser.m */; };
		10372ED3208D6DBA000B9300 /* NSAttributedString+Extensions.m in Sources */ = {isa = PBXBuildFile; fileRef = 10372ECF208D6DB9000B9300 /* NSAttributedString+Extensions.m */; };
		10372ED4208D6DBA000B9300 /* RuntimeHelpers.m in Sources */ = {isa = PBXBuildFile; fileRef = 10372ED0208D6DB9000B9300 /* RuntimeHelpers.m */; };
		10372ED5208D6DBA000B9300 /* GTMNSMutableString+HTML.m in Sources */ = {isa = PBXBuildFile; fileRef = 10372ED1208D6DBA000B9300 /* GTMNSMutableString+HTML.m */; };
		10DBFF321F3BE35A00209DEC /* AppDelegate.swift in Sources */ = {isa = PBXBuildFile; fileRef = 10DBFEFE1F3BE35A00209DEC /* AppDelegate.swift */; };
		10DBFF331F3BE35A00209DEC /* Assets.xcassets in Resources */ = {isa = PBXBuildFile; fileRef = 10DBFEFF1F3BE35A00209DEC /* Assets.xcassets */; };
		10DBFF341F3BE35A00209DEC /* LaunchScreen.storyboard in Resources */ = {isa = PBXBuildFile; fileRef = 10DBFF001F3BE35A00209DEC /* LaunchScreen.storyboard */; };
		20D2DF1D1F034A8A00902BF7 /* PushKit.framework in Frameworks */ = {isa = PBXBuildFile; fileRef = 20D2DF1C1F034A8A00902BF7 /* PushKit.framework */; };
		AC06A62820B2896700593729 /* OperatorCallViewController.swift in Sources */ = {isa = PBXBuildFile; fileRef = AC06A62720B2896700593729 /* OperatorCallViewController.swift */; };
		AC94245320B1CBA30060BDF9 /* KSLogger.swift in Sources */ = {isa = PBXBuildFile; fileRef = AC94245220B1CBA30060BDF9 /* KSLogger.swift */; };
		ACB813F320B1AFE900B08E2A /* LoginViewController.swift in Sources */ = {isa = PBXBuildFile; fileRef = ACB813F020B1AFE900B08E2A /* LoginViewController.swift */; };
		ACB813F420B1AFE900B08E2A /* ChatViewController.swift in Sources */ = {isa = PBXBuildFile; fileRef = ACB813F120B1AFE900B08E2A /* ChatViewController.swift */; };
		ACB813F520B1AFE900B08E2A /* Main.storyboard in Resources */ = {isa = PBXBuildFile; fileRef = ACB813F220B1AFE900B08E2A /* Main.storyboard */; };
		B390C4DF20B2A81E00318360 /* Animation.xcassets in Resources */ = {isa = PBXBuildFile; fileRef = B390C4DD20B2A81E00318360 /* Animation.xcassets */; };
		B390C4E020B2A81E00318360 /* AnimationView.swift in Sources */ = {isa = PBXBuildFile; fileRef = B390C4DE20B2A81E00318360 /* AnimationView.swift */; };
		B390C4E420B2AA5F00318360 /* PDFTableViewController.swift in Sources */ = {isa = PBXBuildFile; fileRef = B390C4E120B2AA5F00318360 /* PDFTableViewController.swift */; };
		B390C4E520B2AA5F00318360 /* PDF.swift in Sources */ = {isa = PBXBuildFile; fileRef = B390C4E220B2AA5F00318360 /* PDF.swift */; };
		B390C4E620B2AA5F00318360 /* PDFTableViewCell.swift in Sources */ = {isa = PBXBuildFile; fileRef = B390C4E320B2AA5F00318360 /* PDFTableViewCell.swift */; };
/* End PBXBuildFile section */

/* Begin PBXFileReference section */
		04760B4BCFF8CCD84E3569EE /* Pods-BOTesercenti.release.xcconfig */ = {isa = PBXFileReference; includeInIndex = 1; lastKnownFileType = text.xcconfig; name = "Pods-BOTesercenti.release.xcconfig"; path = "Pods/Target Support Files/Pods-BOTesercenti/Pods-BOTesercenti.release.xcconfig"; sourceTree = "<group>"; };
		10372EC9208D6DB8000B9300 /* MessageParser.h */ = {isa = PBXFileReference; fileEncoding = 4; lastKnownFileType = sourcecode.c.h; path = MessageParser.h; sourceTree = "<group>"; };
		10372ECA208D6DB9000B9300 /* MessageParser.m */ = {isa = PBXFileReference; fileEncoding = 4; lastKnownFileType = sourcecode.c.objc; path = MessageParser.m; sourceTree = "<group>"; };
		10372ECB208D6DB9000B9300 /* NSAttributedString+Extensions.h */ = {isa = PBXFileReference; fileEncoding = 4; lastKnownFileType = sourcecode.c.h; path = "NSAttributedString+Extensions.h"; sourceTree = "<group>"; };
		10372ECC208D6DB9000B9300 /* RuntimeHelpers.h */ = {isa = PBXFileReference; fileEncoding = 4; lastKnownFileType = sourcecode.c.h; path = RuntimeHelpers.h; sourceTree = "<group>"; };
		10372ECD208D6DB9000B9300 /* GTMDefines.h */ = {isa = PBXFileReference; fileEncoding = 4; lastKnownFileType = sourcecode.c.h; path = GTMDefines.h; sourceTree = "<group>"; };
		10372ECE208D6DB9000B9300 /* GTMNSMutableString+HTML.h */ = {isa = PBXFileReference; fileEncoding = 4; lastKnownFileType = sourcecode.c.h; path = "GTMNSMutableString+HTML.h"; sourceTree = "<group>"; };
		10372ECF208D6DB9000B9300 /* NSAttributedString+Extensions.m */ = {isa = PBXFileReference; fileEncoding = 4; lastKnownFileType = sourcecode.c.objc; path = "NSAttributedString+Extensions.m"; sourceTree = "<group>"; };
		10372ED0208D6DB9000B9300 /* RuntimeHelpers.m */ = {isa = PBXFileReference; fileEncoding = 4; lastKnownFileType = sourcecode.c.objc; path = RuntimeHelpers.m; sourceTree = "<group>"; };
		10372ED1208D6DBA000B9300 /* GTMNSMutableString+HTML.m */ = {isa = PBXFileReference; fileEncoding = 4; lastKnownFileType = sourcecode.c.objc; path = "GTMNSMutableString+HTML.m"; sourceTree = "<group>"; };
		10DBFEFE1F3BE35A00209DEC /* AppDelegate.swift */ = {isa = PBXFileReference; fileEncoding = 4; lastKnownFileType = sourcecode.swift; path = AppDelegate.swift; sourceTree = "<group>"; };
		10DBFEFF1F3BE35A00209DEC /* Assets.xcassets */ = {isa = PBXFileReference; lastKnownFileType = folder.assetcatalog; path = Assets.xcassets; sourceTree = "<group>"; };
		10DBFF011F3BE35A00209DEC /* Base */ = {isa = PBXFileReference; lastKnownFileType = file.storyboard; name = Base; path = Base.lproj/LaunchScreen.storyboard; sourceTree = "<group>"; };
		10DBFF1C1F3BE35A00209DEC /* Info.plist */ = {isa = PBXFileReference; fileEncoding = 4; lastKnownFileType = text.plist.xml; path = Info.plist; sourceTree = "<group>"; };
		10DBFF5D1F3BE3DB00209DEC /* BOTesercenti-Bridging-Header.h */ = {isa = PBXFileReference; lastKnownFileType = sourcecode.c.h; path = "BOTesercenti-Bridging-Header.h"; sourceTree = "<group>"; };
		10DBFF5E1F3BE3DB00209DEC /* BOTesercenti.entitlements */ = {isa = PBXFileReference; lastKnownFileType = text.plist.entitlements; path = BOTesercenti.entitlements; sourceTree = "<group>"; };
		17F849E6B5E2F6A58A89411A /* Pods_SparkBuddy.framework */ = {isa = PBXFileReference; explicitFileType = wrapper.framework; includeInIndex = 0; path = Pods_SparkBuddy.framework; sourceTree = BUILT_PRODUCTS_DIR; };
		206281F61ED1782C007E28F9 /* BOTesercenti.app */ = {isa = PBXFileReference; explicitFileType = wrapper.application; includeInIndex = 0; path = BOTesercenti.app; sourceTree = BUILT_PRODUCTS_DIR; };
		20D2DF1C1F034A8A00902BF7 /* PushKit.framework */ = {isa = PBXFileReference; lastKnownFileType = wrapper.framework; name = PushKit.framework; path = System/Library/Frameworks/PushKit.framework; sourceTree = SDKROOT; };
		3635DB5E2E4334B9F48B2469 /* Pods-Buddies.release.xcconfig */ = {isa = PBXFileReference; includeInIndex = 1; lastKnownFileType = text.xcconfig; name = "Pods-Buddies.release.xcconfig"; path = "Pods/Target Support Files/Pods-Buddies/Pods-Buddies.release.xcconfig"; sourceTree = "<group>"; };
		386F6769CE7F355F5DAE6482 /* Pods_BOTesercenti.framework */ = {isa = PBXFileReference; explicitFileType = wrapper.framework; includeInIndex = 0; path = Pods_BOTesercenti.framework; sourceTree = BUILT_PRODUCTS_DIR; };
		7FB91ACB05D7C24B814D146E /* Pods-BOTesercenti.debug.xcconfig */ = {isa = PBXFileReference; includeInIndex = 1; lastKnownFileType = text.xcconfig; name = "Pods-BOTesercenti.debug.xcconfig"; path = "Pods/Target Support Files/Pods-BOTesercenti/Pods-BOTesercenti.debug.xcconfig"; sourceTree = "<group>"; };
		861588002A38F8E4EAC28858 /* Pods-SparkBuddy.debug.xcconfig */ = {isa = PBXFileReference; includeInIndex = 1; lastKnownFileType = text.xcconfig; name = "Pods-SparkBuddy.debug.xcconfig"; path = "Pods/Target Support Files/Pods-SparkBuddy/Pods-SparkBuddy.debug.xcconfig"; sourceTree = "<group>"; };
		A5EC2689BD1510DCC34D6D20 /* Pods-SparkBuddy.release.xcconfig */ = {isa = PBXFileReference; includeInIndex = 1; lastKnownFileType = text.xcconfig; name = "Pods-SparkBuddy.release.xcconfig"; path = "Pods/Target Support Files/Pods-SparkBuddy/Pods-SparkBuddy.release.xcconfig"; sourceTree = "<group>"; };
		AC06A62720B2896700593729 /* OperatorCallViewController.swift */ = {isa = PBXFileReference; lastKnownFileType = sourcecode.swift; path = OperatorCallViewController.swift; sourceTree = "<group>"; };
		AC94245220B1CBA30060BDF9 /* KSLogger.swift */ = {isa = PBXFileReference; lastKnownFileType = sourcecode.swift; path = KSLogger.swift; sourceTree = "<group>"; };
		ACB813F020B1AFE900B08E2A /* LoginViewController.swift */ = {isa = PBXFileReference; fileEncoding = 4; lastKnownFileType = sourcecode.swift; path = LoginViewController.swift; sourceTree = "<group>"; };
		ACB813F120B1AFE900B08E2A /* ChatViewController.swift */ = {isa = PBXFileReference; fileEncoding = 4; lastKnownFileType = sourcecode.swift; path = ChatViewController.swift; sourceTree = "<group>"; };
		ACB813F220B1AFE900B08E2A /* Main.storyboard */ = {isa = PBXFileReference; fileEncoding = 4; lastKnownFileType = file.storyboard; path = Main.storyboard; sourceTree = "<group>"; };
		B390C4DD20B2A81E00318360 /* Animation.xcassets */ = {isa = PBXFileReference; lastKnownFileType = folder.assetcatalog; path = Animation.xcassets; sourceTree = "<group>"; };
		B390C4DE20B2A81E00318360 /* AnimationView.swift */ = {isa = PBXFileReference; fileEncoding = 4; lastKnownFileType = sourcecode.swift; path = AnimationView.swift; sourceTree = "<group>"; };
		B390C4E120B2AA5F00318360 /* PDFTableViewController.swift */ = {isa = PBXFileReference; fileEncoding = 4; lastKnownFileType = sourcecode.swift; path = PDFTableViewController.swift; sourceTree = "<group>"; };
		B390C4E220B2AA5F00318360 /* PDF.swift */ = {isa = PBXFileReference; fileEncoding = 4; lastKnownFileType = sourcecode.swift; path = PDF.swift; sourceTree = "<group>"; };
		B390C4E320B2AA5F00318360 /* PDFTableViewCell.swift */ = {isa = PBXFileReference; fileEncoding = 4; lastKnownFileType = sourcecode.swift; path = PDFTableViewCell.swift; sourceTree = "<group>"; };
		DB15DCABD7192B62340F0D4E /* Pods-Buddies.debug.xcconfig */ = {isa = PBXFileReference; includeInIndex = 1; lastKnownFileType = text.xcconfig; name = "Pods-Buddies.debug.xcconfig"; path = "Pods/Target Support Files/Pods-Buddies/Pods-Buddies.debug.xcconfig"; sourceTree = "<group>"; };
/* End PBXFileReference section */

/* Begin PBXFrameworksBuildPhase section */
		206281F31ED1782C007E28F9 /* Frameworks */ = {
			isa = PBXFrameworksBuildPhase;
			buildActionMask = 2147483647;
			files = (
				20D2DF1D1F034A8A00902BF7 /* PushKit.framework in Frameworks */,
				0E385AC08FCE66374E254665 /* Pods_BOTesercenti.framework in Frameworks */,
			);
			runOnlyForDeploymentPostprocessing = 0;
		};
/* End PBXFrameworksBuildPhase section */

/* Begin PBXGroup section */
		100150BB2086025E00B6EB81 /* TextMarkDown */ = {
			isa = PBXGroup;
			children = (
				10372ECD208D6DB9000B9300 /* GTMDefines.h */,
				10372ECE208D6DB9000B9300 /* GTMNSMutableString+HTML.h */,
				10372ED1208D6DBA000B9300 /* GTMNSMutableString+HTML.m */,
				10372EC9208D6DB8000B9300 /* MessageParser.h */,
				10372ECA208D6DB9000B9300 /* MessageParser.m */,
				10372ECB208D6DB9000B9300 /* NSAttributedString+Extensions.h */,
				10372ECF208D6DB9000B9300 /* NSAttributedString+Extensions.m */,
				10372ECC208D6DB9000B9300 /* RuntimeHelpers.h */,
				10372ED0208D6DB9000B9300 /* RuntimeHelpers.m */,
			);
			path = TextMarkDown;
			sourceTree = "<group>";
		};
		10DBFEFD1F3BE35A00209DEC /* BOTesercenti */ = {
			isa = PBXGroup;
			children = (
				B390C4E220B2AA5F00318360 /* PDF.swift */,
				B390C4E320B2AA5F00318360 /* PDFTableViewCell.swift */,
				B390C4E120B2AA5F00318360 /* PDFTableViewController.swift */,
				B390C4DD20B2A81E00318360 /* Animation.xcassets */,
				B390C4DE20B2A81E00318360 /* AnimationView.swift */,
				10DBFF5E1F3BE3DB00209DEC /* BOTesercenti.entitlements */,
				10DBFF0F1F3BE35A00209DEC /* Extentions */,
				10DBFEFE1F3BE35A00209DEC /* AppDelegate.swift */,
				10DBFF001F3BE35A00209DEC /* LaunchScreen.storyboard */,
				10DBFF5D1F3BE3DB00209DEC /* BOTesercenti-Bridging-Header.h */,
				10DBFEFF1F3BE35A00209DEC /* Assets.xcassets */,
				10DBFF1C1F3BE35A00209DEC /* Info.plist */,
				ACB813F120B1AFE900B08E2A /* ChatViewController.swift */,
				ACB813F020B1AFE900B08E2A /* LoginViewController.swift */,
				ACB813F220B1AFE900B08E2A /* Main.storyboard */,
				AC94245220B1CBA30060BDF9 /* KSLogger.swift */,
				AC06A62720B2896700593729 /* OperatorCallViewController.swift */,
			);
			path = BOTesercenti;
			sourceTree = "<group>";
		};
		10DBFF0F1F3BE35A00209DEC /* Extentions */ = {
			isa = PBXGroup;
			children = (
				100150BB2086025E00B6EB81 /* TextMarkDown */,
			);
			path = Extentions;
			sourceTree = "<group>";
		};
		206281ED1ED1782C007E28F9 = {
			isa = PBXGroup;
			children = (
				10DBFEFD1F3BE35A00209DEC /* BOTesercenti */,
				206281F71ED1782C007E28F9 /* Products */,
				632FDA5C99417D1C18348308 /* Pods */,
				49450FFA59942C9218CB08C7 /* Frameworks */,
			);
			sourceTree = "<group>";
		};
		206281F71ED1782C007E28F9 /* Products */ = {
			isa = PBXGroup;
			children = (
				206281F61ED1782C007E28F9 /* BOTesercenti.app */,
			);
			name = Products;
			sourceTree = "<group>";
		};
		49450FFA59942C9218CB08C7 /* Frameworks */ = {
			isa = PBXGroup;
			children = (
				20D2DF1C1F034A8A00902BF7 /* PushKit.framework */,
				17F849E6B5E2F6A58A89411A /* Pods_SparkBuddy.framework */,
				386F6769CE7F355F5DAE6482 /* Pods_BOTesercenti.framework */,
			);
			name = Frameworks;
			sourceTree = "<group>";
		};
		632FDA5C99417D1C18348308 /* Pods */ = {
			isa = PBXGroup;
			children = (
				861588002A38F8E4EAC28858 /* Pods-SparkBuddy.debug.xcconfig */,
				A5EC2689BD1510DCC34D6D20 /* Pods-SparkBuddy.release.xcconfig */,
				DB15DCABD7192B62340F0D4E /* Pods-Buddies.debug.xcconfig */,
				3635DB5E2E4334B9F48B2469 /* Pods-Buddies.release.xcconfig */,
				7FB91ACB05D7C24B814D146E /* Pods-BOTesercenti.debug.xcconfig */,
				04760B4BCFF8CCD84E3569EE /* Pods-BOTesercenti.release.xcconfig */,
			);
			name = Pods;
			sourceTree = "<group>";
		};
/* End PBXGroup section */

/* Begin PBXNativeTarget section */
		206281F51ED1782C007E28F9 /* BOTesercenti */ = {
			isa = PBXNativeTarget;
			buildConfigurationList = 206282081ED1782C007E28F9 /* Build configuration list for PBXNativeTarget "BOTesercenti" */;
			buildPhases = (
				69FFB32404F745C1A67E89F3 /* [CP] Check Pods Manifest.lock */,
				206281F21ED1782C007E28F9 /* Sources */,
				206281F31ED1782C007E28F9 /* Frameworks */,
				206281F41ED1782C007E28F9 /* Resources */,
				88C28B9745943D180E3D73D9 /* [CP] Embed Pods Frameworks */,
			);
			buildRules = (
			);
			dependencies = (
			);
			name = BOTesercenti;
			productName = Sweetie;
			productReference = 206281F61ED1782C007E28F9 /* BOTesercenti.app */;
			productType = "com.apple.product-type.application";
		};
/* End PBXNativeTarget section */

/* Begin PBXProject section */
		206281EE1ED1782C007E28F9 /* Project object */ = {
			isa = PBXProject;
			attributes = {
				LastSwiftUpdateCheck = 0830;
				LastUpgradeCheck = 0920;
				ORGANIZATIONNAME = "spark-ios-sdk";
				TargetAttributes = {
					206281F51ED1782C007E28F9 = {
						CreatedOnToolsVersion = 8.3.2;
						DevelopmentTeam = 6824YNJ23L;
						ProvisioningStyle = Automatic;
						SystemCapabilities = {
							com.apple.BackgroundModes = {
								enabled = 1;
							};
							com.apple.Push = {
								enabled = 1;
							};
						};
					};
				};
			};
			buildConfigurationList = 206281F11ED1782C007E28F9 /* Build configuration list for PBXProject "BOTesercenti" */;
			compatibilityVersion = "Xcode 3.2";
			developmentRegion = English;
			hasScannedForEncodings = 0;
			knownRegions = (
				en,
				Base,
			);
			mainGroup = 206281ED1ED1782C007E28F9;
			productRefGroup = 206281F71ED1782C007E28F9 /* Products */;
			projectDirPath = "";
			projectRoot = "";
			targets = (
				206281F51ED1782C007E28F9 /* BOTesercenti */,
			);
		};
/* End PBXProject section */

/* Begin PBXResourcesBuildPhase section */
		206281F41ED1782C007E28F9 /* Resources */ = {
			isa = PBXResourcesBuildPhase;
			buildActionMask = 2147483647;
			files = (
				ACB813F520B1AFE900B08E2A /* Main.storyboard in Resources */,
				10DBFF331F3BE35A00209DEC /* Assets.xcassets in Resources */,
				B390C4DF20B2A81E00318360 /* Animation.xcassets in Resources */,
				10DBFF341F3BE35A00209DEC /* LaunchScreen.storyboard in Resources */,
			);
			runOnlyForDeploymentPostprocessing = 0;
		};
/* End PBXResourcesBuildPhase section */

/* Begin PBXShellScriptBuildPhase section */
		69FFB32404F745C1A67E89F3 /* [CP] Check Pods Manifest.lock */ = {
			isa = PBXShellScriptBuildPhase;
			buildActionMask = 2147483647;
			files = (
			);
			inputPaths = (
				"${PODS_PODFILE_DIR_PATH}/Podfile.lock",
				"${PODS_ROOT}/Manifest.lock",
			);
			name = "[CP] Check Pods Manifest.lock";
			outputPaths = (
				"$(DERIVED_FILE_DIR)/Pods-BOTesercenti-checkManifestLockResult.txt",
			);
			runOnlyForDeploymentPostprocessing = 0;
			shellPath = /bin/sh;
			shellScript = "diff \"${PODS_PODFILE_DIR_PATH}/Podfile.lock\" \"${PODS_ROOT}/Manifest.lock\" > /dev/null\nif [ $? != 0 ] ; then\n    # print error to STDERR\n    echo \"error: The sandbox is not in sync with the Podfile.lock. Run 'pod install' or update your CocoaPods installation.\" >&2\n    exit 1\nfi\n# This output is used by Xcode 'outputs' to avoid re-running this script phase.\necho \"SUCCESS\" > \"${SCRIPT_OUTPUT_FILE_0}\"\n";
			showEnvVarsInLog = 0;
		};
		88C28B9745943D180E3D73D9 /* [CP] Embed Pods Frameworks */ = {
			isa = PBXShellScriptBuildPhase;
			buildActionMask = 2147483647;
			files = (
			);
			inputPaths = (
				"${SRCROOT}/Pods/Target Support Files/Pods-BOTesercenti/Pods-BOTesercenti-frameworks.sh",
				"${BUILT_PRODUCTS_DIR}/Alamofire/Alamofire.framework",
				"${BUILT_PRODUCTS_DIR}/AlamofireObjectMapper/AlamofireObjectMapper.framework",
				"${BUILT_PRODUCTS_DIR}/Cartography/Cartography.framework",
				"${BUILT_PRODUCTS_DIR}/FontAwesome.swift/FontAwesome_swift.framework",
				"${BUILT_PRODUCTS_DIR}/GTMNSStringHTMLAdditions/GTMNSStringHTMLAdditions.framework",
				"${BUILT_PRODUCTS_DIR}/KeychainAccess/KeychainAccess.framework",
				"${BUILT_PRODUCTS_DIR}/NVActivityIndicatorView/NVActivityIndicatorView.framework",
				"${BUILT_PRODUCTS_DIR}/ObjectMapper/ObjectMapper.framework",
				"${BUILT_PRODUCTS_DIR}/ObjectiveGumbo/ObjectiveGumbo.framework",
				"${BUILT_PRODUCTS_DIR}/SDWebImage/SDWebImage.framework",
				"${PODS_ROOT}/SparkSDK/Frameworks/Sbu.framework",
				"${PODS_ROOT}/SparkSDK/Frameworks/Seu.framework",
				"${PODS_ROOT}/SparkSDK/Frameworks/Wme.framework",
				"${BUILT_PRODUCTS_DIR}/SparkSDK/SparkSDK.framework",
				"${BUILT_PRODUCTS_DIR}/Starscream/Starscream.framework",
				"${BUILT_PRODUCTS_DIR}/SwiftyJSON/SwiftyJSON.framework",
			);
			name = "[CP] Embed Pods Frameworks";
			outputPaths = (
				"${TARGET_BUILD_DIR}/${FRAMEWORKS_FOLDER_PATH}/Alamofire.framework",
				"${TARGET_BUILD_DIR}/${FRAMEWORKS_FOLDER_PATH}/AlamofireObjectMapper.framework",
				"${TARGET_BUILD_DIR}/${FRAMEWORKS_FOLDER_PATH}/Cartography.framework",
				"${TARGET_BUILD_DIR}/${FRAMEWORKS_FOLDER_PATH}/FontAwesome_swift.framework",
				"${TARGET_BUILD_DIR}/${FRAMEWORKS_FOLDER_PATH}/GTMNSStringHTMLAdditions.framework",
				"${TARGET_BUILD_DIR}/${FRAMEWORKS_FOLDER_PATH}/KeychainAccess.framework",
				"${TARGET_BUILD_DIR}/${FRAMEWORKS_FOLDER_PATH}/NVActivityIndicatorView.framework",
				"${TARGET_BUILD_DIR}/${FRAMEWORKS_FOLDER_PATH}/ObjectMapper.framework",
				"${TARGET_BUILD_DIR}/${FRAMEWORKS_FOLDER_PATH}/ObjectiveGumbo.framework",
				"${TARGET_BUILD_DIR}/${FRAMEWORKS_FOLDER_PATH}/SDWebImage.framework",
				"${TARGET_BUILD_DIR}/${FRAMEWORKS_FOLDER_PATH}/Sbu.framework",
				"${TARGET_BUILD_DIR}/${FRAMEWORKS_FOLDER_PATH}/Seu.framework",
				"${TARGET_BUILD_DIR}/${FRAMEWORKS_FOLDER_PATH}/Wme.framework",
				"${TARGET_BUILD_DIR}/${FRAMEWORKS_FOLDER_PATH}/SparkSDK.framework",
				"${TARGET_BUILD_DIR}/${FRAMEWORKS_FOLDER_PATH}/Starscream.framework",
				"${TARGET_BUILD_DIR}/${FRAMEWORKS_FOLDER_PATH}/SwiftyJSON.framework",
			);
			runOnlyForDeploymentPostprocessing = 0;
			shellPath = /bin/sh;
			shellScript = "\"${SRCROOT}/Pods/Target Support Files/Pods-BOTesercenti/Pods-BOTesercenti-frameworks.sh\"\n";
			showEnvVarsInLog = 0;
		};
/* End PBXShellScriptBuildPhase section */

/* Begin PBXSourcesBuildPhase section */
		206281F21ED1782C007E28F9 /* Sources */ = {
			isa = PBXSourcesBuildPhase;
			buildActionMask = 2147483647;
			files = (
				AC06A62820B2896700593729 /* OperatorCallViewController.swift in Sources */,
				B390C4E020B2A81E00318360 /* AnimationView.swift in Sources */,
				B390C4E620B2AA5F00318360 /* PDFTableViewCell.swift in Sources */,
				B390C4E420B2AA5F00318360 /* PDFTableViewController.swift in Sources */,
				ACB813F320B1AFE900B08E2A /* LoginViewController.swift in Sources */,
				10DBFF321F3BE35A00209DEC /* AppDelegate.swift in Sources */,
				10372ED2208D6DBA000B9300 /* MessageParser.m in Sources */,
				10372ED3208D6DBA000B9300 /* NSAttributedString+Extensions.m in Sources */,
				10372ED4208D6DBA000B9300 /* RuntimeHelpers.m in Sources */,
				ACB813F420B1AFE900B08E2A /* ChatViewController.swift in Sources */,
				10372ED5208D6DBA000B9300 /* GTMNSMutableString+HTML.m in Sources */,
				B390C4E520B2AA5F00318360 /* PDF.swift in Sources */,
				AC94245320B1CBA30060BDF9 /* KSLogger.swift in Sources */,
			);
			runOnlyForDeploymentPostprocessing = 0;
		};
/* End PBXSourcesBuildPhase section */

/* Begin PBXVariantGroup section */
		10DBFF001F3BE35A00209DEC /* LaunchScreen.storyboard */ = {
			isa = PBXVariantGroup;
			children = (
				10DBFF011F3BE35A00209DEC /* Base */,
			);
			name = LaunchScreen.storyboard;
			sourceTree = "<group>";
		};
/* End PBXVariantGroup section */

/* Begin XCBuildConfiguration section */
		206282061ED1782C007E28F9 /* Debug */ = {
			isa = XCBuildConfiguration;
			buildSettings = {
				ALWAYS_SEARCH_USER_PATHS = NO;
				CLANG_ANALYZER_NONNULL = YES;
				CLANG_ANALYZER_NUMBER_OBJECT_CONVERSION = YES_AGGRESSIVE;
				CLANG_CXX_LANGUAGE_STANDARD = "gnu++0x";
				CLANG_CXX_LIBRARY = "libc++";
				CLANG_ENABLE_MODULES = YES;
				CLANG_ENABLE_OBJC_ARC = YES;
				CLANG_WARN_BLOCK_CAPTURE_AUTORELEASING = YES;
				CLANG_WARN_BOOL_CONVERSION = YES;
				CLANG_WARN_COMMA = YES;
				CLANG_WARN_CONSTANT_CONVERSION = YES;
				CLANG_WARN_DIRECT_OBJC_ISA_USAGE = YES_ERROR;
				CLANG_WARN_DOCUMENTATION_COMMENTS = YES;
				CLANG_WARN_EMPTY_BODY = YES;
				CLANG_WARN_ENUM_CONVERSION = YES;
				CLANG_WARN_INFINITE_RECURSION = YES;
				CLANG_WARN_INT_CONVERSION = YES;
				CLANG_WARN_NON_LITERAL_NULL_CONVERSION = YES;
				CLANG_WARN_OBJC_LITERAL_CONVERSION = YES;
				CLANG_WARN_OBJC_ROOT_CLASS = YES_ERROR;
				CLANG_WARN_RANGE_LOOP_ANALYSIS = YES;
				CLANG_WARN_STRICT_PROTOTYPES = YES;
				CLANG_WARN_SUSPICIOUS_MOVE = YES;
				CLANG_WARN_UNREACHABLE_CODE = YES;
				CLANG_WARN__DUPLICATE_METHOD_MATCH = YES;
				"CODE_SIGN_IDENTITY[sdk=iphoneos*]" = "iPhone Developer";
				COPY_PHASE_STRIP = NO;
				DEBUG_INFORMATION_FORMAT = dwarf;
				ENABLE_STRICT_OBJC_MSGSEND = YES;
				ENABLE_TESTABILITY = YES;
				GCC_C_LANGUAGE_STANDARD = gnu99;
				GCC_DYNAMIC_NO_PIC = NO;
				GCC_NO_COMMON_BLOCKS = YES;
				GCC_OPTIMIZATION_LEVEL = 0;
				GCC_PREPROCESSOR_DEFINITIONS = (
					"DEBUG=1",
					"$(inherited)",
				);
				GCC_WARN_64_TO_32_BIT_CONVERSION = YES;
				GCC_WARN_ABOUT_RETURN_TYPE = YES_ERROR;
				GCC_WARN_UNDECLARED_SELECTOR = YES;
				GCC_WARN_UNINITIALIZED_AUTOS = YES_AGGRESSIVE;
				GCC_WARN_UNUSED_FUNCTION = YES;
				GCC_WARN_UNUSED_VARIABLE = YES;
				IPHONEOS_DEPLOYMENT_TARGET = 10.3;
				MTL_ENABLE_DEBUG_INFO = YES;
				ONLY_ACTIVE_ARCH = YES;
				SDKROOT = iphoneos;
				SWIFT_ACTIVE_COMPILATION_CONDITIONS = DEBUG;
				SWIFT_OPTIMIZATION_LEVEL = "-Onone";
				TARGETED_DEVICE_FAMILY = "1,2";
			};
			name = Debug;
		};
		206282071ED1782C007E28F9 /* Release */ = {
			isa = XCBuildConfiguration;
			buildSettings = {
				ALWAYS_SEARCH_USER_PATHS = NO;
				CLANG_ANALYZER_NONNULL = YES;
				CLANG_ANALYZER_NUMBER_OBJECT_CONVERSION = YES_AGGRESSIVE;
				CLANG_CXX_LANGUAGE_STANDARD = "gnu++0x";
				CLANG_CXX_LIBRARY = "libc++";
				CLANG_ENABLE_MODULES = YES;
				CLANG_ENABLE_OBJC_ARC = YES;
				CLANG_WARN_BLOCK_CAPTURE_AUTORELEASING = YES;
				CLANG_WARN_BOOL_CONVERSION = YES;
				CLANG_WARN_COMMA = YES;
				CLANG_WARN_CONSTANT_CONVERSION = YES;
				CLANG_WARN_DIRECT_OBJC_ISA_USAGE = YES_ERROR;
				CLANG_WARN_DOCUMENTATION_COMMENTS = YES;
				CLANG_WARN_EMPTY_BODY = YES;
				CLANG_WARN_ENUM_CONVERSION = YES;
				CLANG_WARN_INFINITE_RECURSION = YES;
				CLANG_WARN_INT_CONVERSION = YES;
				CLANG_WARN_NON_LITERAL_NULL_CONVERSION = YES;
				CLANG_WARN_OBJC_LITERAL_CONVERSION = YES;
				CLANG_WARN_OBJC_ROOT_CLASS = YES_ERROR;
				CLANG_WARN_RANGE_LOOP_ANALYSIS = YES;
				CLANG_WARN_STRICT_PROTOTYPES = YES;
				CLANG_WARN_SUSPICIOUS_MOVE = YES;
				CLANG_WARN_UNREACHABLE_CODE = YES;
				CLANG_WARN__DUPLICATE_METHOD_MATCH = YES;
				"CODE_SIGN_IDENTITY[sdk=iphoneos*]" = "iPhone Developer";
				COPY_PHASE_STRIP = NO;
				DEBUG_INFORMATION_FORMAT = "dwarf-with-dsym";
				ENABLE_NS_ASSERTIONS = NO;
				ENABLE_STRICT_OBJC_MSGSEND = YES;
				GCC_C_LANGUAGE_STANDARD = gnu99;
				GCC_NO_COMMON_BLOCKS = YES;
				GCC_WARN_64_TO_32_BIT_CONVERSION = YES;
				GCC_WARN_ABOUT_RETURN_TYPE = YES_ERROR;
				GCC_WARN_UNDECLARED_SELECTOR = YES;
				GCC_WARN_UNINITIALIZED_AUTOS = YES_AGGRESSIVE;
				GCC_WARN_UNUSED_FUNCTION = YES;
				GCC_WARN_UNUSED_VARIABLE = YES;
				IPHONEOS_DEPLOYMENT_TARGET = 10.3;
				MTL_ENABLE_DEBUG_INFO = NO;
				SDKROOT = iphoneos;
				SWIFT_OPTIMIZATION_LEVEL = "-Owholemodule";
				TARGETED_DEVICE_FAMILY = "1,2";
				VALIDATE_PRODUCT = YES;
			};
			name = Release;
		};
		206282091ED1782C007E28F9 /* Debug */ = {
			isa = XCBuildConfiguration;
			baseConfigurationReference = 7FB91ACB05D7C24B814D146E /* Pods-BOTesercenti.debug.xcconfig */;
			buildSettings = {
				ALWAYS_EMBED_SWIFT_STANDARD_LIBRARIES = "$(inherited)";
				ASSETCATALOG_COMPILER_APPICON_NAME = AppIcon;
				CODE_SIGN_ENTITLEMENTS = BOTesercenti/BOTesercenti.entitlements;
				"CODE_SIGN_IDENTITY[sdk=iphoneos*]" = "iPhone Developer";
				CODE_SIGN_STYLE = Automatic;
				DEVELOPMENT_TEAM = 6824YNJ23L;
				INFOPLIST_FILE = BOTesercenti/Info.plist;
				IPHONEOS_DEPLOYMENT_TARGET = 10.0;
				LD_RUNPATH_SEARCH_PATHS = "$(inherited) @executable_path/Frameworks";
				PRODUCT_BUNDLE_IDENTIFIER = com.appleacademy.botesercentimirko;
				PRODUCT_NAME = "$(TARGET_NAME)";
				PROVISIONING_PROFILE = "";
				PROVISIONING_PROFILE_SPECIFIER = "";
				SWIFT_OBJC_BRIDGING_HEADER = "$(SRCROOT)/BOTesercenti/BOTesercenti-Bridging-Header.h";
				SWIFT_VERSION = 4.0;
			};
			name = Debug;
		};
		2062820A1ED1782C007E28F9 /* Release */ = {
			isa = XCBuildConfiguration;
			baseConfigurationReference = 04760B4BCFF8CCD84E3569EE /* Pods-BOTesercenti.release.xcconfig */;
			buildSettings = {
				ALWAYS_EMBED_SWIFT_STANDARD_LIBRARIES = "$(inherited)";
				ASSETCATALOG_COMPILER_APPICON_NAME = AppIcon;
				CODE_SIGN_ENTITLEMENTS = BOTesercenti/BOTesercenti.entitlements;
				"CODE_SIGN_IDENTITY[sdk=iphoneos*]" = "iPhone Developer";
				CODE_SIGN_STYLE = Automatic;
				DEVELOPMENT_TEAM = 6824YNJ23L;
				INFOPLIST_FILE = BOTesercenti/Info.plist;
				IPHONEOS_DEPLOYMENT_TARGET = 10.0;
				LD_RUNPATH_SEARCH_PATHS = "$(inherited) @executable_path/Frameworks";
				PRODUCT_BUNDLE_IDENTIFIER = com.appleacademy.botesercentimirko;
				PRODUCT_NAME = "$(TARGET_NAME)";
				PROVISIONING_PROFILE = "";
				PROVISIONING_PROFILE_SPECIFIER = "";
				SWIFT_OBJC_BRIDGING_HEADER = "$(SRCROOT)/BOTesercenti/BOTesercenti-Bridging-Header.h";
				SWIFT_VERSION = 4.0;
			};
			name = Release;
		};
/* End XCBuildConfiguration section */

/* Begin XCConfigurationList section */
		206281F11ED1782C007E28F9 /* Build configuration list for PBXProject "BOTesercenti" */ = {
			isa = XCConfigurationList;
			buildConfigurations = (
				206282061ED1782C007E28F9 /* Debug */,
				206282071ED1782C007E28F9 /* Release */,
			);
			defaultConfigurationIsVisible = 0;
			defaultConfigurationName = Release;
		};
		206282081ED1782C007E28F9 /* Build configuration list for PBXNativeTarget "BOTesercenti" */ = {
			isa = XCConfigurationList;
			buildConfigurations = (
				206282091ED1782C007E28F9 /* Debug */,
				2062820A1ED1782C007E28F9 /* Release */,
			);
			defaultConfigurationIsVisible = 0;
			defaultConfigurationName = Release;
		};
/* End XCConfigurationList section */
	};
	rootObject = 206281EE1ED1782C007E28F9 /* Project object */;
}
